// !$*UTF8*$!
{
	archiveVersion = 1;
	classes = {
	};
	objectVersion = 56;
	objects = {

/* Begin PBXBuildFile section */
		0C490A0E2959B209000217AB /* AppDelegate.swift in Sources */ = {isa = PBXBuildFile; fileRef = 0C490A0D2959B209000217AB /* AppDelegate.swift */; };
		0C490A102959B209000217AB /* SceneDelegate.swift in Sources */ = {isa = PBXBuildFile; fileRef = 0C490A0F2959B209000217AB /* SceneDelegate.swift */; };
		0C490A122959B209000217AB /* ClockViewController.swift in Sources */ = {isa = PBXBuildFile; fileRef = 0C490A112959B209000217AB /* ClockViewController.swift */; };
		0C490A172959B20B000217AB /* Assets.xcassets in Resources */ = {isa = PBXBuildFile; fileRef = 0C490A162959B20B000217AB /* Assets.xcassets */; };
		0C490A1A2959B20B000217AB /* LaunchScreen.storyboard in Resources */ = {isa = PBXBuildFile; fileRef = 0C490A182959B20B000217AB /* LaunchScreen.storyboard */; };
		0C490A252959B20C000217AB /* ClockViewControllerTests.swift in Sources */ = {isa = PBXBuildFile; fileRef = 0C490A242959B20C000217AB /* ClockViewControllerTests.swift */; };
		0C490A432959BA66000217AB /* Extensions.swift in Sources */ = {isa = PBXBuildFile; fileRef = 0C490A422959BA66000217AB /* Extensions.swift */; };
		0C490A492959D03A000217AB /* ClockViewDelegate.swift in Sources */ = {isa = PBXBuildFile; fileRef = 0C490A482959D03A000217AB /* ClockViewDelegate.swift */; };
		0C490A4B2959D0A8000217AB /* ClockViewModel.swift in Sources */ = {isa = PBXBuildFile; fileRef = 0C490A4A2959D0A8000217AB /* ClockViewModel.swift */; };
		0C490A4D2959D0C2000217AB /* ClockViewModelProtocol.swift in Sources */ = {isa = PBXBuildFile; fileRef = 0C490A4C2959D0C2000217AB /* ClockViewModelProtocol.swift */; };
		0C490A4F2959D0F1000217AB /* ClockViewModelTests.swift in Sources */ = {isa = PBXBuildFile; fileRef = 0C490A4E2959D0F1000217AB /* ClockViewModelTests.swift */; };
/* End PBXBuildFile section */

/* Begin PBXContainerItemProxy section */
		0C490A212959B20C000217AB /* PBXContainerItemProxy */ = {
			isa = PBXContainerItemProxy;
			containerPortal = 0C490A022959B209000217AB /* Project object */;
			proxyType = 1;
			remoteGlobalIDString = 0C490A092959B209000217AB;
			remoteInfo = MyBerlinClockTest;
		};
/* End PBXContainerItemProxy section */

/* Begin PBXFileReference section */
		0C490A0A2959B209000217AB /* MyBerlinClockTest.app */ = {isa = PBXFileReference; explicitFileType = wrapper.application; includeInIndex = 0; path = MyBerlinClockTest.app; sourceTree = BUILT_PRODUCTS_DIR; };
		0C490A0D2959B209000217AB /* AppDelegate.swift */ = {isa = PBXFileReference; lastKnownFileType = sourcecode.swift; path = AppDelegate.swift; sourceTree = "<group>"; };
		0C490A0F2959B209000217AB /* SceneDelegate.swift */ = {isa = PBXFileReference; lastKnownFileType = sourcecode.swift; path = SceneDelegate.swift; sourceTree = "<group>"; };
		0C490A112959B209000217AB /* ClockViewController.swift */ = {isa = PBXFileReference; lastKnownFileType = sourcecode.swift; path = ClockViewController.swift; sourceTree = "<group>"; };
		0C490A162959B20B000217AB /* Assets.xcassets */ = {isa = PBXFileReference; lastKnownFileType = folder.assetcatalog; path = Assets.xcassets; sourceTree = "<group>"; };
		0C490A192959B20B000217AB /* Base */ = {isa = PBXFileReference; lastKnownFileType = file.storyboard; name = Base; path = Base.lproj/LaunchScreen.storyboard; sourceTree = "<group>"; };
		0C490A1B2959B20B000217AB /* Info.plist */ = {isa = PBXFileReference; lastKnownFileType = text.plist.xml; path = Info.plist; sourceTree = "<group>"; };
		0C490A202959B20C000217AB /* MyBerlinClockTestTests.xctest */ = {isa = PBXFileReference; explicitFileType = wrapper.cfbundle; includeInIndex = 0; path = MyBerlinClockTestTests.xctest; sourceTree = BUILT_PRODUCTS_DIR; };
		0C490A242959B20C000217AB /* ClockViewControllerTests.swift */ = {isa = PBXFileReference; lastKnownFileType = sourcecode.swift; path = ClockViewControllerTests.swift; sourceTree = "<group>"; };
		0C490A422959BA66000217AB /* Extensions.swift */ = {isa = PBXFileReference; lastKnownFileType = sourcecode.swift; path = Extensions.swift; sourceTree = "<group>"; };
		0C490A482959D03A000217AB /* ClockViewDelegate.swift */ = {isa = PBXFileReference; lastKnownFileType = sourcecode.swift; path = ClockViewDelegate.swift; sourceTree = "<group>"; };
		0C490A4A2959D0A8000217AB /* ClockViewModel.swift */ = {isa = PBXFileReference; lastKnownFileType = sourcecode.swift; path = ClockViewModel.swift; sourceTree = "<group>"; };
		0C490A4C2959D0C2000217AB /* ClockViewModelProtocol.swift */ = {isa = PBXFileReference; lastKnownFileType = sourcecode.swift; path = ClockViewModelProtocol.swift; sourceTree = "<group>"; };
		0C490A4E2959D0F1000217AB /* ClockViewModelTests.swift */ = {isa = PBXFileReference; lastKnownFileType = sourcecode.swift; path = ClockViewModelTests.swift; sourceTree = "<group>"; };
/* End PBXFileReference section */

/* Begin PBXFrameworksBuildPhase section */
		0C490A072959B209000217AB /* Frameworks */ = {
			isa = PBXFrameworksBuildPhase;
			buildActionMask = 2147483647;
			files = (
			);
			runOnlyForDeploymentPostprocessing = 0;
		};
		0C490A1D2959B20C000217AB /* Frameworks */ = {
			isa = PBXFrameworksBuildPhase;
			buildActionMask = 2147483647;
			files = (
			);
			runOnlyForDeploymentPostprocessing = 0;
		};
/* End PBXFrameworksBuildPhase section */

/* Begin PBXGroup section */
		0C490A012959B209000217AB = {
			isa = PBXGroup;
			children = (
				0C490A0C2959B209000217AB /* MyBerlinClockTest */,
				0C490A232959B20C000217AB /* MyBerlinClockTestTests */,
				0C490A0B2959B209000217AB /* Products */,
			);
			sourceTree = "<group>";
		};
		0C490A0B2959B209000217AB /* Products */ = {
			isa = PBXGroup;
			children = (
				0C490A0A2959B209000217AB /* MyBerlinClockTest.app */,
				0C490A202959B20C000217AB /* MyBerlinClockTestTests.xctest */,
			);
			name = Products;
			sourceTree = "<group>";
		};
		0C490A0C2959B209000217AB /* MyBerlinClockTest */ = {
			isa = PBXGroup;
			children = (
				0C490A442959CFED000217AB /* Modules */,
				0C490A412959BA4F000217AB /* Utils */,
				0C490A0D2959B209000217AB /* AppDelegate.swift */,
				0C490A0F2959B209000217AB /* SceneDelegate.swift */,
				0C490A162959B20B000217AB /* Assets.xcassets */,
				0C490A182959B20B000217AB /* LaunchScreen.storyboard */,
				0C490A1B2959B20B000217AB /* Info.plist */,
			);
			path = MyBerlinClockTest;
			sourceTree = "<group>";
		};
		0C490A232959B20C000217AB /* MyBerlinClockTestTests */ = {
			isa = PBXGroup;
			children = (
				0C490A242959B20C000217AB /* ClockViewControllerTests.swift */,
				0C490A4E2959D0F1000217AB /* ClockViewModelTests.swift */,
			);
			path = MyBerlinClockTestTests;
			sourceTree = "<group>";
		};
		0C490A412959BA4F000217AB /* Utils */ = {
			isa = PBXGroup;
			children = (
				0C490A422959BA66000217AB /* Extensions.swift */,
			);
			path = Utils;
			sourceTree = "<group>";
		};
		0C490A442959CFED000217AB /* Modules */ = {
			isa = PBXGroup;
			children = (
				0C490A452959CFF6000217AB /* Clock */,
			);
			path = Modules;
			sourceTree = "<group>";
		};
		0C490A452959CFF6000217AB /* Clock */ = {
			isa = PBXGroup;
			children = (
				0C490A472959D018000217AB /* ViewModel */,
				0C490A462959D011000217AB /* View */,
			);
			path = Clock;
			sourceTree = "<group>";
		};
		0C490A462959D011000217AB /* View */ = {
			isa = PBXGroup;
			children = (
				0C490A112959B209000217AB /* ClockViewController.swift */,
				0C490A482959D03A000217AB /* ClockViewDelegate.swift */,
			);
			path = View;
			sourceTree = "<group>";
		};
		0C490A472959D018000217AB /* ViewModel */ = {
			isa = PBXGroup;
			children = (
				0C490A4A2959D0A8000217AB /* ClockViewModel.swift */,
				0C490A4C2959D0C2000217AB /* ClockViewModelProtocol.swift */,
			);
			path = ViewModel;
			sourceTree = "<group>";
		};
/* End PBXGroup section */

/* Begin PBXNativeTarget section */
		0C490A092959B209000217AB /* MyBerlinClockTest */ = {
			isa = PBXNativeTarget;
			buildConfigurationList = 0C490A342959B20C000217AB /* Build configuration list for PBXNativeTarget "MyBerlinClockTest" */;
			buildPhases = (
				0C490A062959B209000217AB /* Sources */,
				0C490A072959B209000217AB /* Frameworks */,
				0C490A082959B209000217AB /* Resources */,
			);
			buildRules = (
			);
			dependencies = (
			);
			name = MyBerlinClockTest;
			productName = MyBerlinClockTest;
			productReference = 0C490A0A2959B209000217AB /* MyBerlinClockTest.app */;
			productType = "com.apple.product-type.application";
		};
		0C490A1F2959B20C000217AB /* MyBerlinClockTestTests */ = {
			isa = PBXNativeTarget;
			buildConfigurationList = 0C490A372959B20C000217AB /* Build configuration list for PBXNativeTarget "MyBerlinClockTestTests" */;
			buildPhases = (
				0C490A1C2959B20C000217AB /* Sources */,
				0C490A1D2959B20C000217AB /* Frameworks */,
				0C490A1E2959B20C000217AB /* Resources */,
			);
			buildRules = (
			);
			dependencies = (
				0C490A222959B20C000217AB /* PBXTargetDependency */,
			);
			name = MyBerlinClockTestTests;
			productName = MyBerlinClockTestTests;
			productReference = 0C490A202959B20C000217AB /* MyBerlinClockTestTests.xctest */;
			productType = "com.apple.product-type.bundle.unit-test";
		};
/* End PBXNativeTarget section */

/* Begin PBXProject section */
		0C490A022959B209000217AB /* Project object */ = {
			isa = PBXProject;
			attributes = {
				BuildIndependentTargetsInParallel = 1;
				LastSwiftUpdateCheck = 1410;
				LastUpgradeCheck = 1410;
				TargetAttributes = {
					0C490A092959B209000217AB = {
						CreatedOnToolsVersion = 14.1;
					};
					0C490A1F2959B20C000217AB = {
						CreatedOnToolsVersion = 14.1;
						TestTargetID = 0C490A092959B209000217AB;
					};
				};
			};
			buildConfigurationList = 0C490A052959B209000217AB /* Build configuration list for PBXProject "MyBerlinClockTest" */;
			compatibilityVersion = "Xcode 14.0";
			developmentRegion = en;
			hasScannedForEncodings = 0;
			knownRegions = (
				en,
				Base,
			);
			mainGroup = 0C490A012959B209000217AB;
			productRefGroup = 0C490A0B2959B209000217AB /* Products */;
			projectDirPath = "";
			projectRoot = "";
			targets = (
				0C490A092959B209000217AB /* MyBerlinClockTest */,
				0C490A1F2959B20C000217AB /* MyBerlinClockTestTests */,
			);
		};
/* End PBXProject section */

/* Begin PBXResourcesBuildPhase section */
		0C490A082959B209000217AB /* Resources */ = {
			isa = PBXResourcesBuildPhase;
			buildActionMask = 2147483647;
			files = (
				0C490A1A2959B20B000217AB /* LaunchScreen.storyboard in Resources */,
				0C490A172959B20B000217AB /* Assets.xcassets in Resources */,
			);
			runOnlyForDeploymentPostprocessing = 0;
		};
		0C490A1E2959B20C000217AB /* Resources */ = {
			isa = PBXResourcesBuildPhase;
			buildActionMask = 2147483647;
			files = (
			);
			runOnlyForDeploymentPostprocessing = 0;
		};
/* End PBXResourcesBuildPhase section */

/* Begin PBXSourcesBuildPhase section */
		0C490A062959B209000217AB /* Sources */ = {
			isa = PBXSourcesBuildPhase;
			buildActionMask = 2147483647;
			files = (
				0C490A4D2959D0C2000217AB /* ClockViewModelProtocol.swift in Sources */,
				0C490A492959D03A000217AB /* ClockViewDelegate.swift in Sources */,
				0C490A122959B209000217AB /* ClockViewController.swift in Sources */,
				0C490A0E2959B209000217AB /* AppDelegate.swift in Sources */,
				0C490A102959B209000217AB /* SceneDelegate.swift in Sources */,
				0C490A432959BA66000217AB /* Extensions.swift in Sources */,
				0C490A4B2959D0A8000217AB /* ClockViewModel.swift in Sources */,
			);
			runOnlyForDeploymentPostprocessing = 0;
		};
		0C490A1C2959B20C000217AB /* Sources */ = {
			isa = PBXSourcesBuildPhase;
			buildActionMask = 2147483647;
			files = (
				0C490A252959B20C000217AB /* ClockViewControllerTests.swift in Sources */,
				0C490A4F2959D0F1000217AB /* ClockViewModelTests.swift in Sources */,
			);
			runOnlyForDeploymentPostprocessing = 0;
		};
/* End PBXSourcesBuildPhase section */

/* Begin PBXTargetDependency section */
		0C490A222959B20C000217AB /* PBXTargetDependency */ = {
			isa = PBXTargetDependency;
			target = 0C490A092959B209000217AB /* MyBerlinClockTest */;
			targetProxy = 0C490A212959B20C000217AB /* PBXContainerItemProxy */;
		};
/* End PBXTargetDependency section */

/* Begin PBXVariantGroup section */
		0C490A182959B20B000217AB /* LaunchScreen.storyboard */ = {
			isa = PBXVariantGroup;
			children = (
				0C490A192959B20B000217AB /* Base */,
			);
			name = LaunchScreen.storyboard;
			sourceTree = "<group>";
		};
/* End PBXVariantGroup section */

/* Begin XCBuildConfiguration section */
		0C490A322959B20C000217AB /* Debug */ = {
			isa = XCBuildConfiguration;
			buildSettings = {
				ALWAYS_SEARCH_USER_PATHS = NO;
				CLANG_ANALYZER_NONNULL = YES;
				CLANG_ANALYZER_NUMBER_OBJECT_CONVERSION = YES_AGGRESSIVE;
				CLANG_CXX_LANGUAGE_STANDARD = "gnu++20";
				CLANG_ENABLE_MODULES = YES;
				CLANG_ENABLE_OBJC_ARC = YES;
				CLANG_ENABLE_OBJC_WEAK = YES;
				CLANG_WARN_BLOCK_CAPTURE_AUTORELEASING = YES;
				CLANG_WARN_BOOL_CONVERSION = YES;
				CLANG_WARN_COMMA = YES;
				CLANG_WARN_CONSTANT_CONVERSION = YES;
				CLANG_WARN_DEPRECATED_OBJC_IMPLEMENTATIONS = YES;
				CLANG_WARN_DIRECT_OBJC_ISA_USAGE = YES_ERROR;
				CLANG_WARN_DOCUMENTATION_COMMENTS = YES;
				CLANG_WARN_EMPTY_BODY = YES;
				CLANG_WARN_ENUM_CONVERSION = YES;
				CLANG_WARN_INFINITE_RECURSION = YES;
				CLANG_WARN_INT_CONVERSION = YES;
				CLANG_WARN_NON_LITERAL_NULL_CONVERSION = YES;
				CLANG_WARN_OBJC_IMPLICIT_RETAIN_SELF = YES;
				CLANG_WARN_OBJC_LITERAL_CONVERSION = YES;
				CLANG_WARN_OBJC_ROOT_CLASS = YES_ERROR;
				CLANG_WARN_QUOTED_INCLUDE_IN_FRAMEWORK_HEADER = YES;
				CLANG_WARN_RANGE_LOOP_ANALYSIS = YES;
				CLANG_WARN_STRICT_PROTOTYPES = YES;
				CLANG_WARN_SUSPICIOUS_MOVE = YES;
				CLANG_WARN_UNGUARDED_AVAILABILITY = YES_AGGRESSIVE;
				CLANG_WARN_UNREACHABLE_CODE = YES;
				CLANG_WARN__DUPLICATE_METHOD_MATCH = YES;
				COPY_PHASE_STRIP = NO;
				DEBUG_INFORMATION_FORMAT = dwarf;
				ENABLE_STRICT_OBJC_MSGSEND = YES;
				ENABLE_TESTABILITY = YES;
				GCC_C_LANGUAGE_STANDARD = gnu11;
				GCC_DYNAMIC_NO_PIC = NO;
				GCC_NO_COMMON_BLOCKS = YES;
				GCC_OPTIMIZATION_LEVEL = 0;
				GCC_PREPROCESSOR_DEFINITIONS = (
					"DEBUG=1",
					"$(inherited)",
				);
				GCC_WARN_64_TO_32_BIT_CONVERSION = YES;
				GCC_WARN_ABOUT_RETURN_TYPE = YES_ERROR;
				GCC_WARN_UNDECLARED_SELECTOR = YES;
				GCC_WARN_UNINITIALIZED_AUTOS = YES_AGGRESSIVE;
				GCC_WARN_UNUSED_FUNCTION = YES;
				GCC_WARN_UNUSED_VARIABLE = YES;
				IPHONEOS_DEPLOYMENT_TARGET = 16.1;
				MTL_ENABLE_DEBUG_INFO = INCLUDE_SOURCE;
				MTL_FAST_MATH = YES;
				ONLY_ACTIVE_ARCH = YES;
				SDKROOT = iphoneos;
				SWIFT_ACTIVE_COMPILATION_CONDITIONS = DEBUG;
				SWIFT_OPTIMIZATION_LEVEL = "-Onone";
			};
			name = Debug;
		};
		0C490A332959B20C000217AB /* Release */ = {
			isa = XCBuildConfiguration;
			buildSettings = {
				ALWAYS_SEARCH_USER_PATHS = NO;
				CLANG_ANALYZER_NONNULL = YES;
				CLANG_ANALYZER_NUMBER_OBJECT_CONVERSION = YES_AGGRESSIVE;
				CLANG_CXX_LANGUAGE_STANDARD = "gnu++20";
				CLANG_ENABLE_MODULES = YES;
				CLANG_ENABLE_OBJC_ARC = YES;
				CLANG_ENABLE_OBJC_WEAK = YES;
				CLANG_WARN_BLOCK_CAPTURE_AUTORELEASING = YES;
				CLANG_WARN_BOOL_CONVERSION = YES;
				CLANG_WARN_COMMA = YES;
				CLANG_WARN_CONSTANT_CONVERSION = YES;
				CLANG_WARN_DEPRECATED_OBJC_IMPLEMENTATIONS = YES;
				CLANG_WARN_DIRECT_OBJC_ISA_USAGE = YES_ERROR;
				CLANG_WARN_DOCUMENTATION_COMMENTS = YES;
				CLANG_WARN_EMPTY_BODY = YES;
				CLANG_WARN_ENUM_CONVERSION = YES;
				CLANG_WARN_INFINITE_RECURSION = YES;
				CLANG_WARN_INT_CONVERSION = YES;
				CLANG_WARN_NON_LITERAL_NULL_CONVERSION = YES;
				CLANG_WARN_OBJC_IMPLICIT_RETAIN_SELF = YES;
				CLANG_WARN_OBJC_LITERAL_CONVERSION = YES;
				CLANG_WARN_OBJC_ROOT_CLASS = YES_ERROR;
				CLANG_WARN_QUOTED_INCLUDE_IN_FRAMEWORK_HEADER = YES;
				CLANG_WARN_RANGE_LOOP_ANALYSIS = YES;
				CLANG_WARN_STRICT_PROTOTYPES = YES;
				CLANG_WARN_SUSPICIOUS_MOVE = YES;
				CLANG_WARN_UNGUARDED_AVAILABILITY = YES_AGGRESSIVE;
				CLANG_WARN_UNREACHABLE_CODE = YES;
				CLANG_WARN__DUPLICATE_METHOD_MATCH = YES;
				COPY_PHASE_STRIP = NO;
				DEBUG_INFORMATION_FORMAT = "dwarf-with-dsym";
				ENABLE_NS_ASSERTIONS = NO;
				ENABLE_STRICT_OBJC_MSGSEND = YES;
				GCC_C_LANGUAGE_STANDARD = gnu11;
				GCC_NO_COMMON_BLOCKS = YES;
				GCC_WARN_64_TO_32_BIT_CONVERSION = YES;
				GCC_WARN_ABOUT_RETURN_TYPE = YES_ERROR;
				GCC_WARN_UNDECLARED_SELECTOR = YES;
				GCC_WARN_UNINITIALIZED_AUTOS = YES_AGGRESSIVE;
				GCC_WARN_UNUSED_FUNCTION = YES;
				GCC_WARN_UNUSED_VARIABLE = YES;
				IPHONEOS_DEPLOYMENT_TARGET = 16.1;
				MTL_ENABLE_DEBUG_INFO = NO;
				MTL_FAST_MATH = YES;
				SDKROOT = iphoneos;
				SWIFT_COMPILATION_MODE = wholemodule;
				SWIFT_OPTIMIZATION_LEVEL = "-O";
				VALIDATE_PRODUCT = YES;
			};
			name = Release;
		};
		0C490A352959B20C000217AB /* Debug */ = {
			isa = XCBuildConfiguration;
			buildSettings = {
				ASSETCATALOG_COMPILER_APPICON_NAME = AppIcon;
				ASSETCATALOG_COMPILER_GLOBAL_ACCENT_COLOR_NAME = AccentColor;
				CODE_SIGN_STYLE = Automatic;
				CURRENT_PROJECT_VERSION = 1;
				DEVELOPMENT_TEAM = 3F3JL2A9TN;
				GENERATE_INFOPLIST_FILE = YES;
				INFOPLIST_FILE = MyBerlinClockTest/Info.plist;
				INFOPLIST_KEY_UIApplicationSupportsIndirectInputEvents = YES;
				INFOPLIST_KEY_UILaunchStoryboardName = LaunchScreen;
				INFOPLIST_KEY_UIMainStoryboardFile = "";
				INFOPLIST_KEY_UISupportedInterfaceOrientations = "UIInterfaceOrientationPortrait UIInterfaceOrientationPortraitUpsideDown";
				IPHONEOS_DEPLOYMENT_TARGET = 15.0;
				LD_RUNPATH_SEARCH_PATHS = (
					"$(inherited)",
					"@executable_path/Frameworks",
				);
				MARKETING_VERSION = 1.0;
				PRODUCT_BUNDLE_IDENTIFIER = "com.2022-DEV2-029.MyBerlinClockTest";
				PRODUCT_NAME = "$(TARGET_NAME)";
				SUPPORTED_PLATFORMS = "iphoneos iphonesimulator";
				SUPPORTS_MACCATALYST = NO;
				SUPPORTS_MAC_DESIGNED_FOR_IPHONE_IPAD = NO;
				SWIFT_EMIT_LOC_STRINGS = YES;
				SWIFT_VERSION = 5.0;
				TARGETED_DEVICE_FAMILY = "1,2";
			};
			name = Debug;
		};
		0C490A362959B20C000217AB /* Release */ = {
			isa = XCBuildConfiguration;
			buildSettings = {
				ASSETCATALOG_COMPILER_APPICON_NAME = AppIcon;
				ASSETCATALOG_COMPILER_GLOBAL_ACCENT_COLOR_NAME = AccentColor;
				CODE_SIGN_STYLE = Automatic;
				CURRENT_PROJECT_VERSION = 1;
				DEVELOPMENT_TEAM = 3F3JL2A9TN;
				GENERATE_INFOPLIST_FILE = YES;
				INFOPLIST_FILE = MyBerlinClockTest/Info.plist;
				INFOPLIST_KEY_UIApplicationSupportsIndirectInputEvents = YES;
				INFOPLIST_KEY_UILaunchStoryboardName = LaunchScreen;
				INFOPLIST_KEY_UIMainStoryboardFile = "";
				INFOPLIST_KEY_UISupportedInterfaceOrientations = "UIInterfaceOrientationPortrait UIInterfaceOrientationPortraitUpsideDown";
				IPHONEOS_DEPLOYMENT_TARGET = 15.0;
				LD_RUNPATH_SEARCH_PATHS = (
					"$(inherited)",
					"@executable_path/Frameworks",
				);
				MARKETING_VERSION = 1.0;
				PRODUCT_BUNDLE_IDENTIFIER = "com.2022-DEV2-029.MyBerlinClockTest";
				PRODUCT_NAME = "$(TARGET_NAME)";
				SUPPORTED_PLATFORMS = "iphoneos iphonesimulator";
				SUPPORTS_MACCATALYST = NO;
				SUPPORTS_MAC_DESIGNED_FOR_IPHONE_IPAD = NO;
				SWIFT_EMIT_LOC_STRINGS = YES;
				SWIFT_VERSION = 5.0;
				TARGETED_DEVICE_FAMILY = "1,2";
			};
			name = Release;
		};
		0C490A382959B20C000217AB /* Debug */ = {
			isa = XCBuildConfiguration;
			buildSettings = {
				ALWAYS_EMBED_SWIFT_STANDARD_LIBRARIES = YES;
				BUNDLE_LOADER = "$(TEST_HOST)";
				CODE_SIGN_STYLE = Automatic;
				CURRENT_PROJECT_VERSION = 1;
				DEVELOPMENT_TEAM = 3F3JL2A9TN;
				GENERATE_INFOPLIST_FILE = YES;
				IPHONEOS_DEPLOYMENT_TARGET = 15.0;
				MARKETING_VERSION = 1.0;
				PRODUCT_BUNDLE_IDENTIFIER = "com.2022-DEV2-029.MyBerlinClockTestTests";
				PRODUCT_NAME = "$(TARGET_NAME)";
				SUPPORTED_PLATFORMS = "iphoneos iphonesimulator";
				SUPPORTS_MACCATALYST = NO;
				SUPPORTS_MAC_DESIGNED_FOR_IPHONE_IPAD = NO;
				SWIFT_EMIT_LOC_STRINGS = NO;
				SWIFT_VERSION = 5.0;
				TARGETED_DEVICE_FAMILY = "1,2";
				TEST_HOST = "$(BUILT_PRODUCTS_DIR)/MyBerlinClockTest.app/$(BUNDLE_EXECUTABLE_FOLDER_PATH)/MyBerlinClockTest";
			};
			name = Debug;
		};
		0C490A392959B20C000217AB /* Release */ = {
			isa = XCBuildConfiguration;
			buildSettings = {
				ALWAYS_EMBED_SWIFT_STANDARD_LIBRARIES = YES;
				BUNDLE_LOADER = "$(TEST_HOST)";
				CODE_SIGN_STYLE = Automatic;
				CURRENT_PROJECT_VERSION = 1;
				DEVELOPMENT_TEAM = 3F3JL2A9TN;
				GENERATE_INFOPLIST_FILE = YES;
				IPHONEOS_DEPLOYMENT_TARGET = 15.0;
				MARKETING_VERSION = 1.0;
				PRODUCT_BUNDLE_IDENTIFIER = "com.2022-DEV2-029.MyBerlinClockTestTests";
				PRODUCT_NAME = "$(TARGET_NAME)";
				SUPPORTED_PLATFORMS = "iphoneos iphonesimulator";
				SUPPORTS_MACCATALYST = NO;
				SUPPORTS_MAC_DESIGNED_FOR_IPHONE_IPAD = NO;
				SWIFT_EMIT_LOC_STRINGS = NO;
				SWIFT_VERSION = 5.0;
				TARGETED_DEVICE_FAMILY = "1,2";
				TEST_HOST = "$(BUILT_PRODUCTS_DIR)/MyBerlinClockTest.app/$(BUNDLE_EXECUTABLE_FOLDER_PATH)/MyBerlinClockTest";
			};
			name = Release;
		};
/* End XCBuildConfiguration section */

/* Begin XCConfigurationList section */
		0C490A052959B209000217AB /* Build configuration list for PBXProject "MyBerlinClockTest" */ = {
			isa = XCConfigurationList;
			buildConfigurations = (
				0C490A322959B20C000217AB /* Debug */,
				0C490A332959B20C000217AB /* Release */,
			);
			defaultConfigurationIsVisible = 0;
			defaultConfigurationName = Release;
		};
		0C490A342959B20C000217AB /* Build configuration list for PBXNativeTarget "MyBerlinClockTest" */ = {
			isa = XCConfigurationList;
			buildConfigurations = (
				0C490A352959B20C000217AB /* Debug */,
				0C490A362959B20C000217AB /* Release */,
			);
			defaultConfigurationIsVisible = 0;
			defaultConfigurationName = Release;
		};
		0C490A372959B20C000217AB /* Build configuration list for PBXNativeTarget "MyBerlinClockTestTests" */ = {
			isa = XCConfigurationList;
			buildConfigurations = (
				0C490A382959B20C000217AB /* Debug */,
				0C490A392959B20C000217AB /* Release */,
			);
			defaultConfigurationIsVisible = 0;
			defaultConfigurationName = Release;
		};
/* End XCConfigurationList section */
	};
	rootObject = 0C490A022959B209000217AB /* Project object */;
}
